
Microsoft Visual Studio Solution File, Format Version 12.00
# Visual Studio Version 16
VisualStudioVersion = 16.0.32630.194
MinimumVisualStudioVersion = 10.0.40219.1
Project("{FAE04EC0-301F-11D3-BF4B-00C04F79EFBC}") = "Semana2-consola", "Semana2-consola.csproj", "{B1AF433F-B479-49C8-8440-2638B7DFD833}"
EndProject
Global
	GlobalSection(SolutionConfigurationPlatforms) = preSolution
		Debug|Any CPU = Debug|Any CPU
		Release|Any CPU = Release|Any CPU
	EndGlobalSection
	GlobalSection(ProjectConfigurationPlatforms) = postSolution
		{B1AF433F-B479-49C8-8440-2638B7DFD833}.Debug|Any CPU.ActiveCfg = Debug|Any CPU
		{B1AF433F-B479-49C8-8440-2638B7DFD833}.Debug|Any CPU.Build.0 = Debug|Any CPU
		{B1AF433F-B479-49C8-8440-2638B7DFD833}.Release|Any CPU.ActiveCfg = Release|Any CPU
		{B1AF433F-B479-49C8-8440-2638B7DFD833}.Release|Any CPU.Build.0 = Release|Any CPU
	EndGlobalSection
	GlobalSection(SolutionProperties) = preSolution
		HideSolutionNode = FALSE
	EndGlobalSection
	GlobalSection(ExtensibilityGlobals) = postSolution
		SolutionGuid = {755C7443-5570-457E-B6D6-1DAC4A83322C}
	EndGlobalSection
EndGlobal
